# This is a Gradle generated file for dependency locking.
# Manual edits can break the build and are not advised.
# This file is expected to be part of source control.
aopalliance:aopalliance:1.0=testRuntimeClasspath
ch.qos.logback:logback-classic:1.2.11=compileClasspath,runtimeClasspath,testCompileClasspath,testRuntimeClasspath
ch.qos.logback:logback-core:1.2.11=compileClasspath,runtimeClasspath,testCompileClasspath,testRuntimeClasspath
ch.qos.reload4j:reload4j:1.2.22=testRuntimeClasspath
colt:colt:1.2.0=testRuntimeClasspath
com.amazonaws:aws-java-sdk-core:1.12.246=testRuntimeClasspath
com.amazonaws:aws-java-sdk-kms:1.12.246=testRuntimeClasspath
com.amazonaws:aws-java-sdk-s3:1.12.246=testRuntimeClasspath
com.amazonaws:jmespath-java:1.12.246=testRuntimeClasspath
com.auth0:java-jwt:3.19.2=compileClasspath,runtimeClasspath,testCompileClasspath,testRuntimeClasspath
com.fasterxml.jackson.core:jackson-annotations:2.13.3=compileClasspath,runtimeClasspath,testCompileClasspath,testRuntimeClasspath
com.fasterxml.jackson.core:jackson-core:2.13.3=compileClasspath,runtimeClasspath,testCompileClasspath,testRuntimeClasspath
com.fasterxml.jackson.core:jackson-databind:2.13.3=compileClasspath,runtimeClasspath,testCompileClasspath,testRuntimeClasspath
com.fasterxml.jackson.dataformat:jackson-dataformat-cbor:2.13.3=testRuntimeClasspath
com.fasterxml.jackson.jaxrs:jackson-jaxrs-base:2.13.3=testRuntimeClasspath
com.fasterxml.jackson.jaxrs:jackson-jaxrs-json-provider:2.13.3=testRuntimeClasspath
com.fasterxml.jackson.module:jackson-module-jaxb-annotations:2.13.3=testRuntimeClasspath
com.fasterxml.jackson:jackson-bom:2.13.3=compileClasspath,runtimeClasspath,testCompileClasspath,testRuntimeClasspath
com.fasterxml.woodstox:woodstox-core:5.3.0=testRuntimeClasspath
com.github.luben:zstd-jni:1.5.2-3=testRuntimeClasspath
com.github.samtools:htsjdk:3.0.0=testRuntimeClasspath
com.github.stefanbirkner:system-rules:1.19.0=testCompileClasspath,testRuntimeClasspath
com.github.stephenc.jcip:jcip-annotations:1.0-1=testRuntimeClasspath
com.github.wendykierp:JTransforms:3.1=testRuntimeClasspath
com.google.api-client:google-api-client:1.34.1=testRuntimeClasspath
com.google.api.grpc:proto-google-common-protos:2.8.3=testRuntimeClasspath
com.google.api.grpc:proto-google-iam-v1:1.3.4=testRuntimeClasspath
com.google.api:api-common:2.2.0=testRuntimeClasspath
com.google.api:gax-httpjson:0.103.1=testRuntimeClasspath
com.google.api:gax:2.18.1=testRuntimeClasspath
com.google.apis:google-api-services-storage:v1-rev20220608-1.32.1=testRuntimeClasspath
com.google.auth:google-auth-library-credentials:1.7.0=testRuntimeClasspath
com.google.auth:google-auth-library-oauth2-http:1.7.0=testRuntimeClasspath
com.google.auto.service:auto-service-annotations:1.0.1=testRuntimeClasspath
com.google.auto.service:auto-service:1.0.1=testRuntimeClasspath
com.google.auto.value:auto-value-annotations:1.9=testRuntimeClasspath
com.google.auto:auto-common:1.2=testRuntimeClasspath
com.google.cloud:google-cloud-core-http:2.7.1=testRuntimeClasspath
com.google.cloud:google-cloud-core:2.7.1=testRuntimeClasspath
com.google.cloud:google-cloud-storage:2.8.1=testRuntimeClasspath
com.google.code.findbugs:jsr305:3.0.2=compileClasspath,runtimeClasspath,testCompileClasspath,testRuntimeClasspath
com.google.code.gson:gson:2.9.0=testRuntimeClasspath
com.google.errorprone:error_prone_annotations:2.10.0=compileClasspath,runtimeClasspath,testCompileClasspath
com.google.errorprone:error_prone_annotations:2.11.0=testRuntimeClasspath
com.google.guava:failureaccess:1.0.1=compileClasspath,runtimeClasspath,testCompileClasspath,testRuntimeClasspath
com.google.guava:guava:30.1.1-android=compileClasspath,testCompileClasspath
com.google.guava:guava:31.0.1-android=runtimeClasspath
com.google.guava:guava:31.1-jre=testRuntimeClasspath
com.google.guava:listenablefuture:9999.0-empty-to-avoid-conflict-with-guava=compileClasspath,runtimeClasspath,testCompileClasspath,testRuntimeClasspath
com.google.http-client:google-http-client-apache-v2:1.41.8=testRuntimeClasspath
com.google.http-client:google-http-client-appengine:1.41.8=testRuntimeClasspath
com.google.http-client:google-http-client-gson:1.41.8=testRuntimeClasspath
com.google.http-client:google-http-client-jackson2:1.41.8=testRuntimeClasspath
com.google.http-client:google-http-client:1.42.0=compileClasspath,runtimeClasspath,testCompileClasspath,testRuntimeClasspath
com.google.inject.extensions:guice-servlet:4.0=testRuntimeClasspath
com.google.inject:guice:4.0=testRuntimeClasspath
com.google.j2objc:j2objc-annotations:1.3=compileClasspath,runtimeClasspath,testCompileClasspath,testRuntimeClasspath
com.google.oauth-client:google-oauth-client:1.33.3=testRuntimeClasspath
com.google.protobuf:protobuf-java-util:3.20.1=testRuntimeClasspath
com.google.protobuf:protobuf-java:3.20.1=testRuntimeClasspath
com.google.re2j:re2j:1.1=testRuntimeClasspath
com.googlecode.json-simple:json-simple:1.1.1=runtimeClasspath,testRuntimeClasspath
com.ibm.icu:icu4j:69.1=testCompileClasspath,testRuntimeClasspath
com.jcraft:jsch:0.1.55=testRuntimeClasspath
com.microsoft.azure:azure-keyvault-core:1.2.4=testRuntimeClasspath
com.microsoft.azure:azure-storage:8.6.6=testRuntimeClasspath
com.nimbusds:nimbus-jose-jwt:9.8.1=testRuntimeClasspath
com.squareup.okhttp3:okhttp:3.14.9=compileClasspath,runtimeClasspath,testCompileClasspath
com.squareup.okhttp3:okhttp:4.9.3=testRuntimeClasspath
com.squareup.okio:okio:1.17.2=compileClasspath,runtimeClasspath,testCompileClasspath
com.squareup.okio:okio:2.8.0=testRuntimeClasspath
com.squareup.retrofit2:converter-jackson:2.9.0=compileClasspath,runtimeClasspath,testCompileClasspath,testRuntimeClasspath
com.squareup.retrofit2:retrofit:2.9.0=compileClasspath,runtimeClasspath,testCompileClasspath,testRuntimeClasspath
com.sun.jersey.contribs:jersey-guice:1.19=testRuntimeClasspath
com.sun.jersey:jersey-client:1.19=testRuntimeClasspath
com.sun.jersey:jersey-core:1.19=testRuntimeClasspath
com.sun.jersey:jersey-json:1.19=testRuntimeClasspath
com.sun.jersey:jersey-server:1.19=testRuntimeClasspath
com.sun.jersey:jersey-servlet:1.19=testRuntimeClasspath
com.sun.xml.bind:jaxb-impl:2.2.3-1=testRuntimeClasspath
com.thoughtworks.paranamer:paranamer:2.3=testRuntimeClasspath
com.zaxxer:HikariCP:5.0.1=runtimeClasspath,testRuntimeClasspath
commons-beanutils:commons-beanutils:1.9.4=testRuntimeClasspath
commons-cli:commons-cli:1.2=testRuntimeClasspath
commons-codec:commons-codec:1.11=compileClasspath,runtimeClasspath,testCompileClasspath
commons-codec:commons-codec:1.15=testRuntimeClasspath
commons-collections:commons-collections:3.2.2=testRuntimeClasspath
commons-configuration:commons-configuration:1.10=runtimeClasspath,testRuntimeClasspath
commons-io:commons-io:2.11.0=runtimeClasspath,testRuntimeClasspath
commons-lang:commons-lang:2.6=runtimeClasspath,testCompileClasspath,testRuntimeClasspath
commons-net:commons-net:3.6=testRuntimeClasspath
commons-pool:commons-pool:1.6=testRuntimeClasspath
concurrent:concurrent:1.3.4=testRuntimeClasspath
dev.ludovic.netlib:arpack:2.2.0=testRuntimeClasspath
dev.ludovic.netlib:blas:2.2.0=testRuntimeClasspath
dev.ludovic.netlib:lapack:2.2.0=testRuntimeClasspath
dnsjava:dnsjava:2.1.7=testRuntimeClasspath
gov.nih.nlm.ncbi:ngs-java:2.9.0=testRuntimeClasspath
io.grpc:grpc-api:1.47.0=compileClasspath,runtimeClasspath,testCompileClasspath,testRuntimeClasspath
io.grpc:grpc-context:1.47.0=compileClasspath,runtimeClasspath,testCompileClasspath,testRuntimeClasspath
io.netty:netty-buffer:4.1.69.Final=testRuntimeClasspath
io.netty:netty-codec:4.1.69.Final=testRuntimeClasspath
io.netty:netty-common:4.1.69.Final=testRuntimeClasspath
io.netty:netty-handler:4.1.69.Final=testRuntimeClasspath
io.netty:netty-resolver:4.1.69.Final=testRuntimeClasspath
io.netty:netty-transport-native-epoll:4.1.69.Final=testRuntimeClasspath
io.netty:netty-transport-native-unix-common:4.1.69.Final=testRuntimeClasspath
io.netty:netty-transport:4.1.69.Final=testRuntimeClasspath
io.netty:netty:3.10.6.Final=testRuntimeClasspath
io.nextflow:nxf-s3fs:1.1.3=testRuntimeClasspath
io.opencensus:opencensus-api:0.31.1=compileClasspath,runtimeClasspath,testCompileClasspath,testRuntimeClasspath
io.opencensus:opencensus-contrib-http-util:0.31.1=compileClasspath,runtimeClasspath,testCompileClasspath,testRuntimeClasspath
io.prometheus:simpleclient:0.11.0=compileClasspath,runtimeClasspath,testCompileClasspath
io.prometheus:simpleclient:0.16.0=testRuntimeClasspath
io.prometheus:simpleclient_tracer_common:0.11.0=compileClasspath,runtimeClasspath,testCompileClasspath
io.prometheus:simpleclient_tracer_common:0.16.0=testRuntimeClasspath
io.prometheus:simpleclient_tracer_otel:0.11.0=compileClasspath,runtimeClasspath,testCompileClasspath
io.prometheus:simpleclient_tracer_otel:0.16.0=testRuntimeClasspath
io.prometheus:simpleclient_tracer_otel_agent:0.11.0=compileClasspath,runtimeClasspath,testCompileClasspath
io.prometheus:simpleclient_tracer_otel_agent:0.16.0=testRuntimeClasspath
jakarta.activation:jakarta.activation-api:1.2.2=testRuntimeClasspath
jakarta.xml.bind:jakarta.xml.bind-api:2.3.3=testRuntimeClasspath
javax.annotation:javax.annotation-api:1.3.2=compileClasspath,runtimeClasspath,testCompileClasspath,testRuntimeClasspath
javax.inject:javax.inject:1=testRuntimeClasspath
javax.servlet.jsp:jsp-api:2.1=testRuntimeClasspath
javax.servlet:javax.servlet-api:3.1.0=testRuntimeClasspath
javax.ws.rs:jsr311-api:1.1.1=testRuntimeClasspath
javax.xml.bind:jaxb-api:2.2.11=testRuntimeClasspath
joda-time:joda-time:2.8.1=testRuntimeClasspath
junit:junit-dep:4.11=testCompileClasspath,testRuntimeClasspath
junit:junit:4.10=runtimeClasspath
junit:junit:4.13.2=testCompileClasspath,testRuntimeClasspath
me.dinowernli:java-grpc-prometheus:0.5.0=compileClasspath,runtimeClasspath,testCompileClasspath,testRuntimeClasspath
net.bytebuddy:byte-buddy-agent:1.12.10=testCompileClasspath,testRuntimeClasspath
net.bytebuddy:byte-buddy:1.12.10=testCompileClasspath,testRuntimeClasspath
net.logstash.logback:logstash-logback-encoder:7.2=compileClasspath,runtimeClasspath,testCompileClasspath,testRuntimeClasspath
net.minidev:accessors-smart:2.4.7=testRuntimeClasspath
net.minidev:json-smart:2.4.7=testRuntimeClasspath
net.sf.opencsv:opencsv:2.3=testRuntimeClasspath
net.sourceforge.f2j:arpack_combined_all:0.1=testRuntimeClasspath
org.abego.treelayout:org.abego.treelayout.core:1.0.3=testCompileClasspath,testRuntimeClasspath
org.aeonbits.owner:owner:1.0.12=compileClasspath,runtimeClasspath,testCompileClasspath,testRuntimeClasspath
org.antlr:ST4:4.3.3=testCompileClasspath,testRuntimeClasspath
org.antlr:antlr-runtime:3.5.3=testCompileClasspath,testRuntimeClasspath
org.antlr:antlr4-runtime:4.10.1=testCompileClasspath,testRuntimeClasspath
org.antlr:antlr4:4.10.1=testCompileClasspath,testRuntimeClasspath
org.apache.avro:avro:1.7.7=testRuntimeClasspath
org.apache.commons:commons-compress:1.21=testRuntimeClasspath
org.apache.commons:commons-configuration2:2.1.1=testRuntimeClasspath
org.apache.commons:commons-jexl:2.1.1=testRuntimeClasspath
org.apache.commons:commons-lang3:3.12.0=runtimeClasspath,testRuntimeClasspath
org.apache.commons:commons-math3:3.5=testRuntimeClasspath
org.apache.commons:commons-text:1.4=testRuntimeClasspath
org.apache.curator:curator-client:4.2.0=testRuntimeClasspath
org.apache.curator:curator-framework:4.2.0=testRuntimeClasspath
org.apache.curator:curator-recipes:4.2.0=testRuntimeClasspath
org.apache.hadoop.thirdparty:hadoop-shaded-guava:1.1.1=testRuntimeClasspath
org.apache.hadoop.thirdparty:hadoop-shaded-protobuf_3_7:1.1.1=testRuntimeClasspath
org.apache.hadoop:hadoop-annotations:3.3.4=testRuntimeClasspath
org.apache.hadoop:hadoop-auth:3.3.4=testRuntimeClasspath
org.apache.hadoop:hadoop-common:3.3.4=testRuntimeClasspath
org.apache.hadoop:hadoop-hdfs-client:3.3.4=testRuntimeClasspath
org.apache.hadoop:hadoop-mapreduce-client-core:3.3.4=testRuntimeClasspath
org.apache.hadoop:hadoop-yarn-api:3.3.4=testRuntimeClasspath
org.apache.hadoop:hadoop-yarn-client:3.3.4=testRuntimeClasspath
org.apache.hadoop:hadoop-yarn-common:3.3.4=testRuntimeClasspath
org.apache.httpcomponents:httpclient:4.5.13=compileClasspath,runtimeClasspath,testCompileClasspath,testRuntimeClasspath
org.apache.httpcomponents:httpcore:4.4.15=compileClasspath,runtimeClasspath,testCompileClasspath,testRuntimeClasspath
org.apache.kerby:kerb-admin:1.0.1=testRuntimeClasspath
org.apache.kerby:kerb-client:1.0.1=testRuntimeClasspath
org.apache.kerby:kerb-common:1.0.1=testRuntimeClasspath
org.apache.kerby:kerb-core:1.0.1=testRuntimeClasspath
org.apache.kerby:kerb-crypto:1.0.1=testRuntimeClasspath
org.apache.kerby:kerb-identity:1.0.1=testRuntimeClasspath
org.apache.kerby:kerb-server:1.0.1=testRuntimeClasspath
org.apache.kerby:kerb-simplekdc:1.0.1=testRuntimeClasspath
org.apache.kerby:kerb-util:1.0.1=testRuntimeClasspath
org.apache.kerby:kerby-asn1:1.0.1=testRuntimeClasspath
org.apache.kerby:kerby-config:1.0.1=testRuntimeClasspath
org.apache.kerby:kerby-pkix:1.0.1=testRuntimeClasspath
org.apache.kerby:kerby-util:1.0.1=testRuntimeClasspath
org.apache.kerby:kerby-xdr:1.0.1=testRuntimeClasspath
org.apache.kerby:token-provider:1.0.1=testRuntimeClasspath
org.apache.parquet:parquet-column:1.12.3=testRuntimeClasspath
org.apache.parquet:parquet-common:1.12.3=testRuntimeClasspath
org.apache.parquet:parquet-encoding:1.12.3=testRuntimeClasspath
org.apache.parquet:parquet-format-structures:1.12.3=testRuntimeClasspath
org.apache.parquet:parquet-hadoop:1.12.3=testRuntimeClasspath
org.apache.parquet:parquet-jackson:1.12.3=testRuntimeClasspath
org.apache.tika:tika-core:1.28.5=testRuntimeClasspath
org.apache.yetus:audience-annotations:0.13.0=testRuntimeClasspath
org.apache.zookeeper:zookeeper-jute:3.5.6=testRuntimeClasspath
org.apache.zookeeper:zookeeper:3.5.6=testRuntimeClasspath
org.checkerframework:checker-compat-qual:2.5.5=compileClasspath,runtimeClasspath,testCompileClasspath
org.checkerframework:checker-qual:3.12.0=runtimeClasspath
org.checkerframework:checker-qual:3.22.0=testRuntimeClasspath
org.codehaus.jackson:jackson-core-asl:1.9.13=testRuntimeClasspath
org.codehaus.jackson:jackson-jaxrs:1.9.2=testRuntimeClasspath
org.codehaus.jackson:jackson-mapper-asl:1.9.13=testRuntimeClasspath
org.codehaus.jackson:jackson-xc:1.9.2=testRuntimeClasspath
org.codehaus.jettison:jettison:1.1=testRuntimeClasspath
org.codehaus.woodstox:stax2-api:4.2.1=testRuntimeClasspath
org.eclipse.jetty.websocket:websocket-api:9.4.43.v20210629=testRuntimeClasspath
org.eclipse.jetty.websocket:websocket-client:9.4.43.v20210629=testRuntimeClasspath
org.eclipse.jetty.websocket:websocket-common:9.4.43.v20210629=testRuntimeClasspath
org.eclipse.jetty:jetty-client:9.4.43.v20210629=testRuntimeClasspath
org.eclipse.jetty:jetty-http:9.4.43.v20210629=testRuntimeClasspath
org.eclipse.jetty:jetty-io:9.4.43.v20210629=testRuntimeClasspath
org.eclipse.jetty:jetty-security:9.4.43.v20210629=testRuntimeClasspath
org.eclipse.jetty:jetty-server:9.4.43.v20210629=testRuntimeClasspath
org.eclipse.jetty:jetty-servlet:9.4.43.v20210629=testRuntimeClasspath
org.eclipse.jetty:jetty-util-ajax:9.4.43.v20210629=testRuntimeClasspath
org.eclipse.jetty:jetty-util:9.4.43.v20210629=testRuntimeClasspath
org.eclipse.jetty:jetty-webapp:9.4.43.v20210629=testRuntimeClasspath
org.eclipse.jetty:jetty-xml:9.4.43.v20210629=testRuntimeClasspath
org.eclipse.microprofile.jwt:microprofile-jwt-auth-api:2.0=compileClasspath,runtimeClasspath,testCompileClasspath,testRuntimeClasspath
org.freemarker:freemarker:2.3.19=testRuntimeClasspath
org.fusesource.jansi:jansi:2.4.0=runtimeClasspath,testRuntimeClasspath
org.glassfish:javax.json:1.1.4=compileClasspath,runtimeClasspath,testCompileClasspath,testRuntimeClasspath
org.hamcrest:hamcrest-core:1.1=runtimeClasspath
org.hamcrest:hamcrest-core:1.3=testCompileClasspath,testRuntimeClasspath
org.jetbrains.kotlin:kotlin-stdlib-common:1.4.10=testRuntimeClasspath
org.jetbrains.kotlin:kotlin-stdlib:1.4.10=testRuntimeClasspath
org.jetbrains:annotations:13.0=testRuntimeClasspath
org.jline:jline:3.9.0=testRuntimeClasspath
org.mockito:mockito-core:4.6.1=testCompileClasspath,testRuntimeClasspath
org.mockito:mockito-inline:4.6.1=testCompileClasspath,testRuntimeClasspath
org.objenesis:objenesis:3.2=testRuntimeClasspath
org.ow2.asm:asm:9.1=testRuntimeClasspath
org.postgresql:postgresql:42.4.0=testRuntimeClasspath
org.scala-lang.modules:scala-collection-compat_2.12:2.8.1=testRuntimeClasspath
org.scala-lang.modules:scala-parser-combinators_2.12:2.1.1=testCompileClasspath,testRuntimeClasspath
org.scala-lang.modules:scala-xml_2.12:2.1.0=testRuntimeClasspath
org.scala-lang:scala-compiler:2.12.17=testRuntimeClasspath
org.scala-lang:scala-library:2.12.15=testCompileClasspath
org.scala-lang:scala-library:2.12.17=testRuntimeClasspath
org.scala-lang:scala-reflect:2.12.17=testRuntimeClasspath
org.scalanlp:breeze-macros_2.12:2.0=testRuntimeClasspath
org.scalanlp:breeze_2.12:2.0=testRuntimeClasspath
org.sharegov:mjson:1.4.1=testRuntimeClasspath
org.slf4j:jcl-over-slf4j:1.7.36=runtimeClasspath,testRuntimeClasspath
org.slf4j:slf4j-api:1.7.32=compileClasspath,testCompileClasspath
org.slf4j:slf4j-api:1.7.36=runtimeClasspath,testRuntimeClasspath
org.threeten:threetenbp:1.6.0=testRuntimeClasspath
org.tukaani:xz:1.8=testRuntimeClasspath
org.typelevel:algebra_2.12:2.0.1=testRuntimeClasspath
org.typelevel:cats-kernel_2.12:2.1.1=testRuntimeClasspath
org.typelevel:spire-macros_2.12:0.17.0=testRuntimeClasspath
org.typelevel:spire-platform_2.12:0.17.0=testRuntimeClasspath
org.typelevel:spire-util_2.12:0.17.0=testRuntimeClasspath
org.typelevel:spire_2.12:0.17.0=testRuntimeClasspath
org.xerial.snappy:snappy-java:1.1.8.4=testRuntimeClasspath
org.xerial:sqlite-jdbc:3.36.0.3=testRuntimeClasspath
org.yaml:snakeyaml:1.30=testRuntimeClasspath
pl.edu.icm:JLargeArrays:1.5=testRuntimeClasspath
software.amazon.ion:ion-java:1.0.2=testRuntimeClasspath
empty=annotationProcessor,internal,shadow,signatures,testAnnotationProcessor
