# This is a Gradle generated file for dependency locking.
# Manual edits can break the build and are not advised.
# This file is expected to be part of source control.
aopalliance:aopalliance:1.0=runtimeClasspath,testRuntimeClasspath
ch.qos.logback:logback-classic:1.2.10=compileClasspath,runtimeClasspath,testCompileClasspath,testRuntimeClasspath
ch.qos.logback:logback-core:1.2.10=compileClasspath,runtimeClasspath,testCompileClasspath,testRuntimeClasspath
colt:colt:1.2.0=runtimeClasspath,testRuntimeClasspath
com.amazonaws:aws-java-sdk-core:1.12.166=runtimeClasspath,testRuntimeClasspath
com.amazonaws:aws-java-sdk-kms:1.12.166=runtimeClasspath,testRuntimeClasspath
com.amazonaws:aws-java-sdk-s3:1.12.166=runtimeClasspath,testRuntimeClasspath
com.amazonaws:jmespath-java:1.12.166=runtimeClasspath,testRuntimeClasspath
com.auth0:java-jwt:3.19.2=runtimeClasspath,testRuntimeClasspath
com.eed3si9n:shaded-scalajson_2.12:1.0.0-M4=zinc
com.eed3si9n:sjson-new-core_2.12:0.8.3=zinc
com.eed3si9n:sjson-new-scalajson_2.12:0.8.3=zinc
com.fasterxml.jackson.core:jackson-annotations:2.13.2=compileClasspath,runtimeClasspath,testCompileClasspath,testRuntimeClasspath
com.fasterxml.jackson.core:jackson-core:2.13.2=compileClasspath,runtimeClasspath,testCompileClasspath,testRuntimeClasspath
com.fasterxml.jackson.core:jackson-databind:2.13.2=compileClasspath,testCompileClasspath
com.fasterxml.jackson.core:jackson-databind:2.13.2.2=runtimeClasspath,testRuntimeClasspath
com.fasterxml.jackson.dataformat:jackson-dataformat-cbor:2.13.2=runtimeClasspath,testRuntimeClasspath
com.fasterxml.jackson.jaxrs:jackson-jaxrs-base:2.13.2=runtimeClasspath,testRuntimeClasspath
com.fasterxml.jackson.jaxrs:jackson-jaxrs-json-provider:2.13.2=runtimeClasspath,testRuntimeClasspath
com.fasterxml.jackson.module:jackson-module-jaxb-annotations:2.13.2=runtimeClasspath,testRuntimeClasspath
com.fasterxml.jackson:jackson-bom:2.13.2=compileClasspath,runtimeClasspath,testCompileClasspath,testRuntimeClasspath
com.fasterxml.woodstox:woodstox-core:5.3.0=runtimeClasspath,testRuntimeClasspath
com.github.luben:zstd-jni:1.5.2-2=runtimeClasspath,testRuntimeClasspath
com.github.samtools:htsjdk:2.24.1=runtimeClasspath,testCompileClasspath,testRuntimeClasspath
com.github.stefanbirkner:system-rules:1.19.0=testCompileClasspath,testRuntimeClasspath
com.github.stephenc.jcip:jcip-annotations:1.0-1=runtimeClasspath,testRuntimeClasspath
com.github.wendykierp:JTransforms:3.1=runtimeClasspath,testRuntimeClasspath
com.google.api-client:google-api-client:1.33.1=runtimeClasspath,testRuntimeClasspath
com.google.api.grpc:proto-google-common-protos:2.7.2=runtimeClasspath,testRuntimeClasspath
com.google.api.grpc:proto-google-iam-v1:1.2.1=runtimeClasspath,testRuntimeClasspath
com.google.api:api-common:2.1.3=runtimeClasspath,testRuntimeClasspath
com.google.api:gax-httpjson:0.96.0=runtimeClasspath,testRuntimeClasspath
com.google.api:gax:2.11.0=runtimeClasspath,testRuntimeClasspath
com.google.apis:google-api-services-storage:v1-rev20211201-1.32.1=runtimeClasspath,testRuntimeClasspath
com.google.auth:google-auth-library-credentials:1.4.0=runtimeClasspath,testRuntimeClasspath
com.google.auth:google-auth-library-oauth2-http:1.4.0=runtimeClasspath,testRuntimeClasspath
com.google.auto.service:auto-service-annotations:1.0.1=runtimeClasspath,testRuntimeClasspath
com.google.auto.service:auto-service:1.0.1=runtimeClasspath,testRuntimeClasspath
com.google.auto.value:auto-value-annotations:1.9=runtimeClasspath,testRuntimeClasspath
com.google.auto:auto-common:1.2=runtimeClasspath,testRuntimeClasspath
com.google.cloud:google-cloud-core-http:2.4.0=runtimeClasspath,testRuntimeClasspath
com.google.cloud:google-cloud-core:2.4.0=runtimeClasspath,testRuntimeClasspath
com.google.cloud:google-cloud-storage:2.4.2=runtimeClasspath,testRuntimeClasspath
com.google.code.findbugs:jsr305:3.0.2=compileClasspath,runtimeClasspath,testCompileClasspath,testRuntimeClasspath
com.google.code.gson:gson:2.8.9=runtimeClasspath,testRuntimeClasspath
com.google.errorprone:error_prone_annotations:2.10.0=runtimeClasspath,testRuntimeClasspath
com.google.errorprone:error_prone_annotations:2.7.1=compileClasspath,testCompileClasspath
com.google.guava:failureaccess:1.0.1=compileClasspath,runtimeClasspath,testCompileClasspath,testRuntimeClasspath
com.google.guava:guava:31.0.1-jre=compileClasspath,runtimeClasspath,testCompileClasspath,testRuntimeClasspath
com.google.guava:listenablefuture:9999.0-empty-to-avoid-conflict-with-guava=compileClasspath,runtimeClasspath,testCompileClasspath,testRuntimeClasspath
com.google.http-client:google-http-client-apache-v2:1.41.2=runtimeClasspath,testRuntimeClasspath
com.google.http-client:google-http-client-appengine:1.41.2=runtimeClasspath,testRuntimeClasspath
com.google.http-client:google-http-client-gson:1.41.2=runtimeClasspath,testRuntimeClasspath
com.google.http-client:google-http-client-jackson2:1.41.2=runtimeClasspath,testRuntimeClasspath
com.google.http-client:google-http-client:1.41.8=runtimeClasspath,testRuntimeClasspath
com.google.inject.extensions:guice-servlet:4.0=runtimeClasspath,testRuntimeClasspath
com.google.inject:guice:5.1.0=runtimeClasspath,testRuntimeClasspath
com.google.j2objc:j2objc-annotations:1.3=compileClasspath,runtimeClasspath,testCompileClasspath,testRuntimeClasspath
com.google.oauth-client:google-oauth-client:1.33.0=runtimeClasspath,testRuntimeClasspath
com.google.protobuf:protobuf-java-util:3.19.3=runtimeClasspath,testRuntimeClasspath
com.google.protobuf:protobuf-java:3.19.3=runtimeClasspath,testRuntimeClasspath
com.google.protobuf:protobuf-java:3.7.0=zinc
com.google.re2j:re2j:1.1=runtimeClasspath,testRuntimeClasspath
com.googlecode.json-simple:json-simple:1.1.1=runtimeClasspath,testRuntimeClasspath
com.ibm.icu:icu4j:69.1=antlr,compileClasspath,runtimeClasspath,testCompileClasspath,testRuntimeClasspath
com.jcraft:jsch:0.1.55=runtimeClasspath,testRuntimeClasspath
com.lihaoyi:fastparse-utils_2.12:0.4.2=zinc
com.lihaoyi:fastparse_2.12:0.4.2=zinc
com.lihaoyi:sourcecode_2.12:0.1.3=zinc
com.lmax:disruptor:3.4.2=zinc
com.microsoft.azure:azure-keyvault-core:1.2.4=runtimeClasspath,testRuntimeClasspath
com.microsoft.azure:azure-storage:8.6.6=runtimeClasspath,testRuntimeClasspath
com.nimbusds:nimbus-jose-jwt:9.8.1=runtimeClasspath,testRuntimeClasspath
com.squareup.okhttp3:okhttp:3.14.9=runtimeClasspath,testRuntimeClasspath
com.squareup.okhttp:okhttp:2.7.5=runtimeClasspath,testRuntimeClasspath
com.squareup.okio:okio:1.17.2=runtimeClasspath,testRuntimeClasspath
com.squareup.retrofit2:converter-jackson:2.9.0=runtimeClasspath,testRuntimeClasspath
com.squareup.retrofit2:retrofit:2.9.0=runtimeClasspath,testRuntimeClasspath
com.sun.jersey.contribs:jersey-guice:1.19=runtimeClasspath,testRuntimeClasspath
com.sun.jersey:jersey-client:1.19=runtimeClasspath,testRuntimeClasspath
com.sun.jersey:jersey-core:1.19=runtimeClasspath,testRuntimeClasspath
com.sun.jersey:jersey-json:1.19=runtimeClasspath,testRuntimeClasspath
com.sun.jersey:jersey-server:1.19=runtimeClasspath,testRuntimeClasspath
com.sun.jersey:jersey-servlet:1.19=runtimeClasspath,testRuntimeClasspath
com.sun.xml.bind:jaxb-impl:2.2.3-1=runtimeClasspath,testRuntimeClasspath
com.swoval:file-tree-views:2.1.3=zinc
com.thoughtworks.paranamer:paranamer:2.3=runtimeClasspath,testRuntimeClasspath
com.trueaccord.lenses:lenses_2.12:0.4.12=zinc
com.trueaccord.scalapb:scalapb-runtime_2.12:0.6.0=zinc
com.zaxxer:HikariCP:5.0.1=runtimeClasspath,testRuntimeClasspath
commons-beanutils:commons-beanutils:1.9.4=runtimeClasspath,testRuntimeClasspath
commons-cli:commons-cli:1.2=runtimeClasspath,testRuntimeClasspath
commons-codec:commons-codec:1.15=runtimeClasspath,testRuntimeClasspath
commons-collections:commons-collections:3.2.2=runtimeClasspath,testRuntimeClasspath
commons-configuration:commons-configuration:1.10=runtimeClasspath,testRuntimeClasspath
commons-io:commons-io:2.11.0=compileClasspath,runtimeClasspath,testCompileClasspath,testRuntimeClasspath
commons-lang:commons-lang:2.6=runtimeClasspath,testRuntimeClasspath
commons-net:commons-net:3.6=runtimeClasspath,testRuntimeClasspath
commons-pool:commons-pool:1.6=runtimeClasspath,testRuntimeClasspath
concurrent:concurrent:1.3.4=runtimeClasspath,testRuntimeClasspath
de.tototec:de.tototec.cmdoption:0.7.1-4-1b53a5=compileClasspath,runtimeClasspath,testCompileClasspath,testRuntimeClasspath
dev.ludovic.netlib:arpack:2.2.0=runtimeClasspath,testRuntimeClasspath
dev.ludovic.netlib:blas:2.2.0=runtimeClasspath,testRuntimeClasspath
dev.ludovic.netlib:lapack:2.2.0=runtimeClasspath,testRuntimeClasspath
dnsjava:dnsjava:2.1.7=runtimeClasspath,testRuntimeClasspath
gov.nih.nlm.ncbi:ngs-java:2.9.0=runtimeClasspath,testCompileClasspath,testRuntimeClasspath
info.picocli:picocli-shell-jline3:4.6.3=compileClasspath,runtimeClasspath,testCompileClasspath,testRuntimeClasspath
info.picocli:picocli:4.6.3=compileClasspath,runtimeClasspath,testCompileClasspath,testRuntimeClasspath
io.grpc:grpc-api:1.46.0=runtimeClasspath,testRuntimeClasspath
io.grpc:grpc-context:1.46.0=runtimeClasspath,testRuntimeClasspath
io.netty:netty-buffer:4.1.69.Final=runtimeClasspath,testRuntimeClasspath
io.netty:netty-codec:4.1.69.Final=runtimeClasspath,testRuntimeClasspath
io.netty:netty-common:4.1.69.Final=runtimeClasspath,testRuntimeClasspath
io.netty:netty-handler:4.1.69.Final=runtimeClasspath,testRuntimeClasspath
io.netty:netty-resolver:4.1.69.Final=runtimeClasspath,testRuntimeClasspath
io.netty:netty-transport-native-epoll:4.1.69.Final=runtimeClasspath,testRuntimeClasspath
io.netty:netty-transport-native-unix-common:4.1.69.Final=runtimeClasspath,testRuntimeClasspath
io.netty:netty-transport:4.1.69.Final=runtimeClasspath,testRuntimeClasspath
io.netty:netty:3.10.6.Final=runtimeClasspath,testRuntimeClasspath
io.nextflow:nxf-s3fs:1.1.3=runtimeClasspath,testRuntimeClasspath
io.opencensus:opencensus-api:0.31.0=runtimeClasspath,testRuntimeClasspath
io.opencensus:opencensus-contrib-http-util:0.31.0=runtimeClasspath,testRuntimeClasspath
io.prometheus:simpleclient:0.12.0=runtimeClasspath,testRuntimeClasspath
io.prometheus:simpleclient_tracer_common:0.12.0=runtimeClasspath,testRuntimeClasspath
io.prometheus:simpleclient_tracer_otel:0.12.0=runtimeClasspath,testRuntimeClasspath
io.prometheus:simpleclient_tracer_otel_agent:0.12.0=runtimeClasspath,testRuntimeClasspath
jakarta.activation:jakarta.activation-api:1.2.2=runtimeClasspath,testRuntimeClasspath
jakarta.xml.bind:jakarta.xml.bind-api:2.3.3=runtimeClasspath,testRuntimeClasspath
javax.annotation:javax.annotation-api:1.3.2=runtimeClasspath,testRuntimeClasspath
javax.inject:javax.inject:1=runtimeClasspath,testRuntimeClasspath
javax.servlet.jsp:jsp-api:2.1=runtimeClasspath,testRuntimeClasspath
javax.servlet:javax.servlet-api:3.1.0=runtimeClasspath,testRuntimeClasspath
javax.ws.rs:javax.ws.rs-api:2.1.1=runtimeClasspath,testRuntimeClasspath
javax.ws.rs:jsr311-api:1.1.1=runtimeClasspath,testRuntimeClasspath
javax.xml.bind:jaxb-api:2.2.11=runtimeClasspath,testRuntimeClasspath
jline:jline:2.14.6=zinc
joda-time:joda-time:2.8.1=runtimeClasspath,testRuntimeClasspath
junit:junit-dep:4.11=testCompileClasspath,testRuntimeClasspath
junit:junit:4.10=runtimeClasspath
junit:junit:4.13.2=testCompileClasspath,testRuntimeClasspath
me.dinowernli:java-grpc-prometheus:0.5.0=runtimeClasspath,testRuntimeClasspath
net.bytebuddy:byte-buddy-agent:1.10.19=testCompileClasspath,testRuntimeClasspath
net.bytebuddy:byte-buddy:1.10.19=testCompileClasspath,testRuntimeClasspath
net.java.dev.jna:jna-platform:4.5.0=zinc
net.java.dev.jna:jna:4.5.0=zinc
net.logstash.logback:logstash-logback-encoder:7.0.1=runtimeClasspath,testRuntimeClasspath
net.minidev:accessors-smart:2.4.7=runtimeClasspath,testRuntimeClasspath
net.minidev:json-smart:2.4.7=runtimeClasspath,testRuntimeClasspath
net.sf.opencsv:opencsv:2.3=runtimeClasspath,testRuntimeClasspath
net.sourceforge.f2j:arpack_combined_all:0.1=runtimeClasspath,testRuntimeClasspath
org.abego.treelayout:org.abego.treelayout.core:1.0.3=antlr,compileClasspath,runtimeClasspath,testCompileClasspath,testRuntimeClasspath
org.aeonbits.owner:owner:1.0.12=compileClasspath,runtimeClasspath,testCompileClasspath,testRuntimeClasspath
org.antlr:ST4:4.3.1=antlr,compileClasspath,runtimeClasspath,testCompileClasspath,testRuntimeClasspath
org.antlr:antlr-runtime:3.5.2=antlr,compileClasspath,runtimeClasspath,testCompileClasspath,testRuntimeClasspath
org.antlr:antlr4-runtime:4.9.3=antlr,compileClasspath,runtimeClasspath,testCompileClasspath,testRuntimeClasspath
org.antlr:antlr4:4.9.3=antlr,compileClasspath,runtimeClasspath,testCompileClasspath,testRuntimeClasspath
org.apache.avro:avro:1.7.7=runtimeClasspath,testRuntimeClasspath
org.apache.commons:commons-compress:1.21=runtimeClasspath,testCompileClasspath,testRuntimeClasspath
org.apache.commons:commons-configuration2:2.1.1=runtimeClasspath,testRuntimeClasspath
org.apache.commons:commons-jexl:2.1.1=runtimeClasspath,testCompileClasspath,testRuntimeClasspath
org.apache.commons:commons-lang3:3.12.0=compileClasspath,runtimeClasspath,testCompileClasspath,testRuntimeClasspath
org.apache.commons:commons-math3:3.5=runtimeClasspath,testRuntimeClasspath
org.apache.commons:commons-text:1.4=runtimeClasspath,testRuntimeClasspath
org.apache.curator:curator-client:4.2.0=runtimeClasspath,testRuntimeClasspath
org.apache.curator:curator-framework:4.2.0=runtimeClasspath,testRuntimeClasspath
org.apache.curator:curator-recipes:4.2.0=runtimeClasspath,testRuntimeClasspath
org.apache.derby:derby:10.15.2.0=testRuntimeClasspath
org.apache.derby:derbyshared:10.15.2.0=testRuntimeClasspath
org.apache.derby:derbytools:10.15.2.0=testRuntimeClasspath
org.apache.hadoop.thirdparty:hadoop-shaded-guava:1.1.1=runtimeClasspath,testRuntimeClasspath
org.apache.hadoop.thirdparty:hadoop-shaded-protobuf_3_7:1.1.1=runtimeClasspath,testRuntimeClasspath
org.apache.hadoop:hadoop-annotations:3.3.2=runtimeClasspath,testRuntimeClasspath
org.apache.hadoop:hadoop-auth:3.3.2=runtimeClasspath,testRuntimeClasspath
org.apache.hadoop:hadoop-common:3.3.2=runtimeClasspath,testRuntimeClasspath
org.apache.hadoop:hadoop-hdfs-client:3.3.2=runtimeClasspath,testRuntimeClasspath
org.apache.hadoop:hadoop-mapreduce-client-core:3.3.2=runtimeClasspath,testRuntimeClasspath
org.apache.hadoop:hadoop-yarn-api:3.3.2=runtimeClasspath,testRuntimeClasspath
org.apache.hadoop:hadoop-yarn-client:3.3.2=runtimeClasspath,testRuntimeClasspath
org.apache.hadoop:hadoop-yarn-common:3.3.2=runtimeClasspath,testRuntimeClasspath
org.apache.httpcomponents:httpclient:4.5.13=runtimeClasspath,testRuntimeClasspath
org.apache.httpcomponents:httpcore:4.4.15=runtimeClasspath,testRuntimeClasspath
org.apache.kerby:kerb-admin:1.0.1=runtimeClasspath,testRuntimeClasspath
org.apache.kerby:kerb-client:1.0.1=runtimeClasspath,testRuntimeClasspath
org.apache.kerby:kerb-common:1.0.1=runtimeClasspath,testRuntimeClasspath
org.apache.kerby:kerb-core:1.0.1=runtimeClasspath,testRuntimeClasspath
org.apache.kerby:kerb-crypto:1.0.1=runtimeClasspath,testRuntimeClasspath
org.apache.kerby:kerb-identity:1.0.1=runtimeClasspath,testRuntimeClasspath
org.apache.kerby:kerb-server:1.0.1=runtimeClasspath,testRuntimeClasspath
org.apache.kerby:kerb-simplekdc:1.0.1=runtimeClasspath,testRuntimeClasspath
org.apache.kerby:kerb-util:1.0.1=runtimeClasspath,testRuntimeClasspath
org.apache.kerby:kerby-asn1:1.0.1=runtimeClasspath,testRuntimeClasspath
org.apache.kerby:kerby-config:1.0.1=runtimeClasspath,testRuntimeClasspath
org.apache.kerby:kerby-pkix:1.0.1=runtimeClasspath,testRuntimeClasspath
org.apache.kerby:kerby-util:1.0.1=runtimeClasspath,testRuntimeClasspath
org.apache.kerby:kerby-xdr:1.0.1=runtimeClasspath,testRuntimeClasspath
org.apache.kerby:token-provider:1.0.1=runtimeClasspath,testRuntimeClasspath
org.apache.logging.log4j:log4j-api:2.17.1=zinc
org.apache.logging.log4j:log4j-core:2.17.1=zinc
org.apache.parquet:parquet-column:1.12.2=runtimeClasspath,testRuntimeClasspath
org.apache.parquet:parquet-common:1.12.2=runtimeClasspath,testRuntimeClasspath
org.apache.parquet:parquet-encoding:1.12.2=runtimeClasspath,testRuntimeClasspath
org.apache.parquet:parquet-format-structures:1.12.2=runtimeClasspath,testRuntimeClasspath
org.apache.parquet:parquet-hadoop:1.12.2=runtimeClasspath,testRuntimeClasspath
org.apache.parquet:parquet-jackson:1.12.2=runtimeClasspath,testRuntimeClasspath
org.apache.tika:tika-core:1.5=runtimeClasspath,testRuntimeClasspath
org.apache.yetus:audience-annotations:0.12.0=runtimeClasspath,testRuntimeClasspath
org.apache.zookeeper:zookeeper-jute:3.5.6=runtimeClasspath,testRuntimeClasspath
org.apache.zookeeper:zookeeper:3.5.6=runtimeClasspath,testRuntimeClasspath
org.checkerframework:checker-qual:3.12.0=compileClasspath,testCompileClasspath
org.checkerframework:checker-qual:3.21.1=runtimeClasspath,testRuntimeClasspath
org.codehaus.jackson:jackson-core-asl:1.9.13=runtimeClasspath,testRuntimeClasspath
org.codehaus.jackson:jackson-jaxrs:1.9.2=runtimeClasspath,testRuntimeClasspath
org.codehaus.jackson:jackson-mapper-asl:1.9.13=runtimeClasspath,testRuntimeClasspath
org.codehaus.jackson:jackson-xc:1.9.2=runtimeClasspath,testRuntimeClasspath
org.codehaus.jettison:jettison:1.1=runtimeClasspath,testRuntimeClasspath
org.codehaus.woodstox:stax2-api:4.2.1=runtimeClasspath,testRuntimeClasspath
org.eclipse.jetty.websocket:websocket-api:9.4.43.v20210629=runtimeClasspath,testRuntimeClasspath
org.eclipse.jetty.websocket:websocket-client:9.4.43.v20210629=runtimeClasspath,testRuntimeClasspath
org.eclipse.jetty.websocket:websocket-common:9.4.43.v20210629=runtimeClasspath,testRuntimeClasspath
org.eclipse.jetty:jetty-client:9.4.43.v20210629=runtimeClasspath,testRuntimeClasspath
org.eclipse.jetty:jetty-http:9.4.43.v20210629=runtimeClasspath,testRuntimeClasspath
org.eclipse.jetty:jetty-io:9.4.43.v20210629=runtimeClasspath,testRuntimeClasspath
org.eclipse.jetty:jetty-security:9.4.43.v20210629=runtimeClasspath,testRuntimeClasspath
org.eclipse.jetty:jetty-server:9.4.43.v20210629=runtimeClasspath,testRuntimeClasspath
org.eclipse.jetty:jetty-servlet:9.4.43.v20210629=runtimeClasspath,testRuntimeClasspath
org.eclipse.jetty:jetty-util-ajax:9.4.43.v20210629=runtimeClasspath,testRuntimeClasspath
org.eclipse.jetty:jetty-util:9.4.43.v20210629=runtimeClasspath,testRuntimeClasspath
org.eclipse.jetty:jetty-webapp:9.4.43.v20210629=runtimeClasspath,testRuntimeClasspath
org.eclipse.jetty:jetty-xml:9.4.43.v20210629=runtimeClasspath,testRuntimeClasspath
org.eclipse.microprofile.jwt:microprofile-jwt-auth-api:2.0=runtimeClasspath,testRuntimeClasspath
org.freemarker:freemarker:2.3.19=runtimeClasspath,testRuntimeClasspath
org.fusesource.jansi:jansi:2.4.0=runtimeClasspath,testRuntimeClasspath
org.glassfish:javax.json:1.0.4=antlr,compileClasspath,testCompileClasspath
org.glassfish:javax.json:1.1.4=runtimeClasspath,testRuntimeClasspath
org.hamcrest:hamcrest-core:1.1=runtimeClasspath
org.hamcrest:hamcrest-core:1.3=testCompileClasspath,testRuntimeClasspath
org.javassist:javassist:3.28.0-GA=compileClasspath,runtimeClasspath,testCompileClasspath,testRuntimeClasspath
org.jline:jline:3.19.0=compileClasspath,runtimeClasspath,testCompileClasspath,testRuntimeClasspath
org.mockito:mockito-core:3.7.7=testCompileClasspath,testRuntimeClasspath
org.objenesis:objenesis:3.1=testCompileClasspath,testRuntimeClasspath
org.ow2.asm:asm:9.1=runtimeClasspath,testRuntimeClasspath
org.postgresql:postgresql:42.3.3=runtimeClasspath,testRuntimeClasspath
org.reflections:reflections:0.10.2=compileClasspath,runtimeClasspath,testCompileClasspath,testRuntimeClasspath
org.scala-lang.modules:scala-collection-compat_2.12:2.2.0=runtimeClasspath,testRuntimeClasspath
org.scala-lang.modules:scala-parser-combinators_2.12:1.1.2=zinc
org.scala-lang.modules:scala-parser-combinators_2.12:2.1.1=compileClasspath,runtimeClasspath,testCompileClasspath,testRuntimeClasspath
org.scala-lang.modules:scala-xml_2.12:1.0.6=runtimeClasspath,zinc
org.scala-lang.modules:scala-xml_2.12:2.0.1=testCompileClasspath,testRuntimeClasspath
org.scala-lang:scala-compiler:2.12.10=zinc
org.scala-lang:scala-compiler:2.12.15=runtimeClasspath,testRuntimeClasspath
org.scala-lang:scala-library:2.12.10=zinc
org.scala-lang:scala-library:2.12.15=compileClasspath,runtimeClasspath,testCompileClasspath,testRuntimeClasspath
org.scala-lang:scala-reflect:2.12.10=zinc
org.scala-lang:scala-reflect:2.12.15=runtimeClasspath,testCompileClasspath,testRuntimeClasspath
org.scala-sbt:compiler-bridge_2.12:1.3.5=zinc
org.scala-sbt:compiler-interface:1.3.5=zinc
org.scala-sbt:io_2.12:1.3.0=zinc
org.scala-sbt:launcher-interface:1.0.0=zinc
org.scala-sbt:sbinary_2.12:0.5.0=zinc
org.scala-sbt:test-interface:1.0=testCompileClasspath,testRuntimeClasspath
org.scala-sbt:util-control_2.12:1.3.0=zinc
org.scala-sbt:util-interface:1.3.0=zinc
org.scala-sbt:util-logging_2.12:1.3.0=zinc
org.scala-sbt:util-relation_2.12:1.3.0=zinc
org.scala-sbt:zinc-apiinfo_2.12:1.3.5=zinc
org.scala-sbt:zinc-classfile_2.12:1.3.5=zinc
org.scala-sbt:zinc-classpath_2.12:1.3.5=zinc
org.scala-sbt:zinc-compile-core_2.12:1.3.5=zinc
org.scala-sbt:zinc-core_2.12:1.3.5=zinc
org.scala-sbt:zinc-persist_2.12:1.3.5=zinc
org.scala-sbt:zinc_2.12:1.3.5=zinc
org.scalacheck:scalacheck_2.12:1.15.4=testCompileClasspath,testRuntimeClasspath
org.scalactic:scalactic_2.12:3.2.11=testCompileClasspath,testRuntimeClasspath
org.scalanlp:breeze-macros_2.12:2.0=runtimeClasspath,testRuntimeClasspath
org.scalanlp:breeze_2.12:2.0=runtimeClasspath,testRuntimeClasspath
org.scalatest:scalatest-compatible:3.2.11=testCompileClasspath,testRuntimeClasspath
org.scalatest:scalatest-core_2.12:3.2.11=testCompileClasspath,testRuntimeClasspath
org.scalatest:scalatest-diagrams_2.12:3.2.11=testCompileClasspath,testRuntimeClasspath
org.scalatest:scalatest-featurespec_2.12:3.2.11=testCompileClasspath,testRuntimeClasspath
org.scalatest:scalatest-flatspec_2.12:3.2.11=testCompileClasspath,testRuntimeClasspath
org.scalatest:scalatest-freespec_2.12:3.2.11=testCompileClasspath,testRuntimeClasspath
org.scalatest:scalatest-funspec_2.12:3.2.11=testCompileClasspath,testRuntimeClasspath
org.scalatest:scalatest-funsuite_2.12:3.2.11=testCompileClasspath,testRuntimeClasspath
org.scalatest:scalatest-matchers-core_2.12:3.2.11=testCompileClasspath,testRuntimeClasspath
org.scalatest:scalatest-mustmatchers_2.12:3.2.11=testCompileClasspath,testRuntimeClasspath
org.scalatest:scalatest-propspec_2.12:3.2.11=testCompileClasspath,testRuntimeClasspath
org.scalatest:scalatest-refspec_2.12:3.2.11=testCompileClasspath,testRuntimeClasspath
org.scalatest:scalatest-shouldmatchers_2.12:3.2.11=testCompileClasspath,testRuntimeClasspath
org.scalatest:scalatest-wordspec_2.12:3.2.11=testCompileClasspath,testRuntimeClasspath
org.scalatest:scalatest_2.12:3.2.11=testCompileClasspath,testRuntimeClasspath
org.sharegov:mjson:1.4.1=runtimeClasspath,testCompileClasspath,testRuntimeClasspath
org.slf4j:jcl-over-slf4j:1.7.36=runtimeClasspath,testRuntimeClasspath
org.slf4j:slf4j-api:1.7.32=compileClasspath
org.slf4j:slf4j-api:1.7.36=runtimeClasspath,testCompileClasspath,testRuntimeClasspath
org.spire-math:jawn-parser_2.12:0.10.4=zinc
org.threeten:threetenbp:1.5.2=runtimeClasspath,testRuntimeClasspath
org.tukaani:xz:1.8=runtimeClasspath,testCompileClasspath,testRuntimeClasspath
org.typelevel:algebra_2.12:2.0.1=runtimeClasspath,testRuntimeClasspath
org.typelevel:cats-kernel_2.12:2.1.1=runtimeClasspath,testRuntimeClasspath
org.typelevel:spire-macros_2.12:0.17.0=runtimeClasspath,testRuntimeClasspath
org.typelevel:spire-platform_2.12:0.17.0=runtimeClasspath,testRuntimeClasspath
org.typelevel:spire-util_2.12:0.17.0=runtimeClasspath,testRuntimeClasspath
org.typelevel:spire_2.12:0.17.0=runtimeClasspath,testRuntimeClasspath
org.xerial.snappy:snappy-java:1.1.7.3=testCompileClasspath
org.xerial.snappy:snappy-java:1.1.8.2=runtimeClasspath,testRuntimeClasspath
org.xerial:sqlite-jdbc:3.36.0.3=runtimeClasspath,testRuntimeClasspath
org.yaml:snakeyaml:1.30=runtimeClasspath,testRuntimeClasspath
pl.edu.icm:JLargeArrays:1.5=runtimeClasspath,testRuntimeClasspath
software.amazon.ion:ion-java:1.0.2=runtimeClasspath,testRuntimeClasspath
empty=annotationProcessor,incrementalScalaAnalysisFormain,incrementalScalaAnalysisFortest,internal,scalaCompilerPlugins,signatures,testAnnotationProcessor
